<?xml version="1.0" encoding="utf-8"?>
<Project ToolsVersion="4.0" xmlns="http://schemas.microsoft.com/developer/msbuild/2003">
  <ItemGroup>
    <Filter Include="Source Files">
      <UniqueIdentifier>{4FC737F1-C7A5-4376-A066-2A32D752A2FF}</UniqueIdentifier>
      <Extensions>cpp;c;cc;cxx;def;odl;idl;hpj;bat;asm;asmx</Extensions>
    </Filter>
    <Filter Include="Header Files">
      <UniqueIdentifier>{93995380-89BD-4b04-88EB-625FBE52EBFB}</UniqueIdentifier>
      <Extensions>h;hh;hpp;hxx;hm;inl;inc;xsd</Extensions>
    </Filter>
    <Filter Include="Resource Files">
      <UniqueIdentifier>{67DA6AB6-F800-4c08-8B7A-83BB121AAD01}</UniqueIdentifier>
      <Extensions>rc;ico;cur;bmp;dlg;rc2;rct;bin;rgs;gif;jpg;jpeg;jpe;resx;tiff;tif;png;wav;mfcribbon-ms</Extensions>
    </Filter>
    <Filter Include="Source Files\geom">
      <UniqueIdentifier>{71cf1eda-029a-42a8-bc30-ea4004658229}</UniqueIdentifier>
    </Filter>
    <Filter Include="Source Files\math">
      <UniqueIdentifier>{3f8acc5e-22cc-4d42-8879-c6bc4b54a9cc}</UniqueIdentifier>
    </Filter>
  </ItemGroup>
  <ItemGroup>
    <ClInclude Include="stdafx.h">
      <Filter>Header Files</Filter>
    </ClInclude>
    <ClInclude Include="targetver.h">
      <Filter>Header Files</Filter>
    </ClInclude>
  </ItemGroup>
  <ItemGroup>
    <ClCompile Include="stdafx.cpp">
      <Filter>Source Files</Filter>
    </ClCompile>
    <ClCompile Include="geom\point.cpp">
      <Filter>Source Files\geom</Filter>
    </ClCompile>
    <ClCompile Include="geom\line.cpp">
      <Filter>Source Files\geom</Filter>
    </ClCompile>
    <ClCompile Include="geom\polygon.cpp">
      <Filter>Source Files\geom</Filter>
    </ClCompile>
    <ClCompile Include="geom\convex_polygon.cpp">
      <Filter>Source Files\geom</Filter>
    </ClCompile>
    <ClCompile Include="geom\triangle.cpp">
      <Filter>Source Files\geom</Filter>
    </ClCompile>
    <ClCompile Include="geom\circle.cpp">
      <Filter>Source Files\geom</Filter>
    </ClCompile>
    <ClCompile Include="geom\mesh.cpp">
      <Filter>Source Files\geom</Filter>
    </ClCompile>
    <ClCompile Include="math\fuzzy.cpp">
      <Filter>Source Files\math</Filter>
    </ClCompile>
  </ItemGroup>
</Project>