<?xml version="1.0" encoding="utf-8"?>
<Project ToolsVersion="4.0" xmlns="http://schemas.microsoft.com/developer/msbuild/2003">
  <ItemGroup>
    <Filter Include="Source Files">
      <UniqueIdentifier>{4FC737F1-C7A5-4376-A066-2A32D752A2FF}</UniqueIdentifier>
      <Extensions>cpp;c;cc;cxx;def;odl;idl;hpj;bat;asm;asmx</Extensions>
    </Filter>
    <Filter Include="Header Files">
      <UniqueIdentifier>{93995380-89BD-4b04-88EB-625FBE52EBFB}</UniqueIdentifier>
      <Extensions>h;hh;hpp;hxx;hm;inl;inc;xsd</Extensions>
    </Filter>
    <Filter Include="Resource Files">
      <UniqueIdentifier>{67DA6AB6-F800-4c08-8B7A-83BB121AAD01}</UniqueIdentifier>
      <Extensions>rc;ico;cur;bmp;dlg;rc2;rct;bin;rgs;gif;jpg;jpeg;jpe;resx;tiff;tif;png;wav;mfcribbon-ms</Extensions>
    </Filter>
    <Filter Include="Header Files\math">
      <UniqueIdentifier>{299f73b7-ce8b-4276-b207-df75a47c6aa6}</UniqueIdentifier>
    </Filter>
    <Filter Include="Header Files\plot">
      <UniqueIdentifier>{4bd07504-5195-4f6f-8264-1668e5139a74}</UniqueIdentifier>
    </Filter>
    <Filter Include="Header Files\util">
      <UniqueIdentifier>{8a521ee1-92b2-4869-953f-2ba2458b764c}</UniqueIdentifier>
    </Filter>
    <Filter Include="Header Files\gui">
      <UniqueIdentifier>{e2ddaff3-5c86-4bb5-8f1d-bcc24827b32e}</UniqueIdentifier>
    </Filter>
    <Filter Include="Header Files\geom">
      <UniqueIdentifier>{a1af0e7b-0335-44a2-9f9b-e2c8fc3bdeab}</UniqueIdentifier>
    </Filter>
  </ItemGroup>
  <ItemGroup>
    <ClInclude Include="stdafx.h">
      <Filter>Header Files</Filter>
    </ClInclude>
    <ClInclude Include="targetver.h">
      <Filter>Header Files</Filter>
    </ClInclude>
    <ClInclude Include="..\include\util\common\math\common.h">
      <Filter>Header Files\math</Filter>
    </ClInclude>
    <ClInclude Include="..\include\util\common\math\fft.h">
      <Filter>Header Files\math</Filter>
    </ClInclude>
    <ClInclude Include="..\include\util\common\math\mhj.h">
      <Filter>Header Files\math</Filter>
    </ClInclude>
    <ClInclude Include="..\include\util\common\math\rpoly.h">
      <Filter>Header Files\math</Filter>
    </ClInclude>
    <ClInclude Include="..\include\util\common\math\svd_hest.h">
      <Filter>Header Files\math</Filter>
    </ClInclude>
    <ClInclude Include="..\include\util\common\plot\plot.h">
      <Filter>Header Files\plot</Filter>
    </ClInclude>
    <ClInclude Include="..\include\util\common\plot\shape.h">
      <Filter>Header Files\plot</Filter>
    </ClInclude>
    <ClInclude Include="..\include\util\common\plot\viewport.h">
      <Filter>Header Files\plot</Filter>
    </ClInclude>
    <ClInclude Include="..\include\util\common\plot\palette.h">
      <Filter>Header Files\plot</Filter>
    </ClInclude>
    <ClInclude Include="..\include\util\common\plot\drawable.h">
      <Filter>Header Files\plot</Filter>
    </ClInclude>
    <ClInclude Include="..\include\util\common\plot\viewporter.h">
      <Filter>Header Files\plot</Filter>
    </ClInclude>
    <ClInclude Include="..\include\util\common\plot\layer_drawable.h">
      <Filter>Header Files\plot</Filter>
    </ClInclude>
    <ClInclude Include="..\include\util\common\plot\custom_drawable.h">
      <Filter>Header Files\plot</Filter>
    </ClInclude>
    <ClInclude Include="..\include\util\common\plot\tick_factory.h">
      <Filter>Header Files\plot</Filter>
    </ClInclude>
    <ClInclude Include="..\include\util\common\plot\tick_drawable.h">
      <Filter>Header Files\plot</Filter>
    </ClInclude>
    <ClInclude Include="..\include\util\common\plot\list_drawable.h">
      <Filter>Header Files\plot</Filter>
    </ClInclude>
    <ClInclude Include="..\include\util\common\plot\utility.h">
      <Filter>Header Files\plot</Filter>
    </ClInclude>
    <ClInclude Include="..\include\util\common\plot\auto_viewport.h">
      <Filter>Header Files\plot</Filter>
    </ClInclude>
    <ClInclude Include="..\include\util\common\plot\simple_list_plot.h">
      <Filter>Header Files\plot</Filter>
    </ClInclude>
    <ClInclude Include="..\include\util\common\math\vec.h">
      <Filter>Header Files\math</Filter>
    </ClInclude>
    <ClInclude Include="..\include\util\common\math\dsolve.h">
      <Filter>Header Files\math</Filter>
    </ClInclude>
    <ClInclude Include="..\include\util\common\iterable.h">
      <Filter>Header Files\util</Filter>
    </ClInclude>
    <ClInclude Include="..\include\util\common\ptr.h">
      <Filter>Header Files\util</Filter>
    </ClInclude>
    <ClInclude Include="..\include\util\common\plot\data_source.h">
      <Filter>Header Files\plot</Filter>
    </ClInclude>
    <ClInclude Include="..\include\util\common\plot\math_interop.h">
      <Filter>Header Files\plot</Filter>
    </ClInclude>
    <ClInclude Include="..\include\util\common\math\scalar.h">
      <Filter>Header Files\math</Filter>
    </ClInclude>
    <ClInclude Include="..\include\util\common\gui\SimulationDialog.h">
      <Filter>Header Files\gui</Filter>
    </ClInclude>
    <ClInclude Include="..\include\util\common\gui\PlotControl.h">
      <Filter>Header Files\gui</Filter>
    </ClInclude>
    <ClInclude Include="..\include\util\common\geom\point.h">
      <Filter>Header Files\geom</Filter>
    </ClInclude>
    <ClInclude Include="..\include\util\common\geom\line.h">
      <Filter>Header Files\geom</Filter>
    </ClInclude>
    <ClInclude Include="..\include\util\common\geom\geom.h">
      <Filter>Header Files\geom</Filter>
    </ClInclude>
    <ClInclude Include="..\include\util\common\math\complex.h">
      <Filter>Header Files\math</Filter>
    </ClInclude>
    <ClInclude Include="..\include\util\common\geom\polygon.h">
      <Filter>Header Files\geom</Filter>
    </ClInclude>
    <ClInclude Include="..\include\util\common\geom\convex_polygon.h">
      <Filter>Header Files\geom</Filter>
    </ClInclude>
    <ClInclude Include="..\include\util\common\geom\triangle.h">
      <Filter>Header Files\geom</Filter>
    </ClInclude>
    <ClInclude Include="..\include\util\common\geom\circle.h">
      <Filter>Header Files\geom</Filter>
    </ClInclude>
    <ClInclude Include="..\include\util\common\geom\mesh.h">
      <Filter>Header Files\geom</Filter>
    </ClInclude>
    <ClInclude Include="..\include\util\common\plot\triangulation_drawable.h">
      <Filter>Header Files\plot</Filter>
    </ClInclude>
    <ClInclude Include="..\include\util\common\plot\dirichlet_cell_drawable.h">
      <Filter>Header Files\plot</Filter>
    </ClInclude>
  </ItemGroup>
  <ItemGroup>
    <ClCompile Include="stdafx.cpp">
      <Filter>Source Files</Filter>
    </ClCompile>
    <ClCompile Include="rpoly.cpp">
      <Filter>Source Files</Filter>
    </ClCompile>
    <ClCompile Include="SimulationDialog.cpp">
      <Filter>Source Files</Filter>
    </ClCompile>
    <ClCompile Include="PlotControl.cpp">
      <Filter>Source Files</Filter>
    </ClCompile>
  </ItemGroup>
</Project>